
Microsoft Visual Studio Solution File, Format Version 12.00
# Visual Studio 15
VisualStudioVersion = 15.0.28307.106
MinimumVisualStudioVersion = 10.0.40219.1
Project("{FAE04EC0-301F-11D3-BF4B-00C04F79EFBC}") = "TimeStructuresTests", "TimeStructuresTests\TimeStructuresTests.csproj", "{F4E72664-CD89-4DD6-B39F-F539FEF4D344}"
EndProject
Project("{FAE04EC0-301F-11D3-BF4B-00C04F79EFBC}") = "TimeAppStoper", "TimeAppStoper\TimeAppStoper.csproj", "{46406D45-7EF6-4C97-9D84-513C745B85D1}"
EndProject
Project("{FAE04EC0-301F-11D3-BF4B-00C04F79EFBC}") = "TimeAppClock", "TimeAppClock\TimeAppClock.csproj", "{91697C9D-716F-417E-B336-08F5B487AA87}"
EndProject
Project("{FAE04EC0-301F-11D3-BF4B-00C04F79EFBC}") = "TimeStructures", "TimeStructures\TimeStructures.csproj", "{C03B2F94-E909-4486-AD2D-8D10E9E94427}"
EndProject
Global
	GlobalSection(SolutionConfigurationPlatforms) = preSolution
		Debug|Any CPU = Debug|Any CPU
		Release|Any CPU = Release|Any CPU
	EndGlobalSection
	GlobalSection(ProjectConfigurationPlatforms) = postSolution
		{F4E72664-CD89-4DD6-B39F-F539FEF4D344}.Debug|Any CPU.ActiveCfg = Debug|Any CPU
		{F4E72664-CD89-4DD6-B39F-F539FEF4D344}.Debug|Any CPU.Build.0 = Debug|Any CPU
		{F4E72664-CD89-4DD6-B39F-F539FEF4D344}.Release|Any CPU.ActiveCfg = Release|Any CPU
		{F4E72664-CD89-4DD6-B39F-F539FEF4D344}.Release|Any CPU.Build.0 = Release|Any CPU
		{46406D45-7EF6-4C97-9D84-513C745B85D1}.Debug|Any CPU.ActiveCfg = Debug|Any CPU
		{46406D45-7EF6-4C97-9D84-513C745B85D1}.Debug|Any CPU.Build.0 = Debug|Any CPU
		{46406D45-7EF6-4C97-9D84-513C745B85D1}.Release|Any CPU.ActiveCfg = Release|Any CPU
		{46406D45-7EF6-4C97-9D84-513C745B85D1}.Release|Any CPU.Build.0 = Release|Any CPU
		{91697C9D-716F-417E-B336-08F5B487AA87}.Debug|Any CPU.ActiveCfg = Debug|Any CPU
		{91697C9D-716F-417E-B336-08F5B487AA87}.Debug|Any CPU.Build.0 = Debug|Any CPU
		{91697C9D-716F-417E-B336-08F5B487AA87}.Release|Any CPU.ActiveCfg = Release|Any CPU
		{91697C9D-716F-417E-B336-08F5B487AA87}.Release|Any CPU.Build.0 = Release|Any CPU
		{6244A9E9-D82E-41DD-8E4E-708966486E66}.Debug|Any CPU.ActiveCfg = Debug|Any CPU
		{6244A9E9-D82E-41DD-8E4E-708966486E66}.Debug|Any CPU.Build.0 = Debug|Any CPU
		{6244A9E9-D82E-41DD-8E4E-708966486E66}.Release|Any CPU.ActiveCfg = Release|Any CPU
		{6244A9E9-D82E-41DD-8E4E-708966486E66}.Release|Any CPU.Build.0 = Release|Any CPU
		{C03B2F94-E909-4486-AD2D-8D10E9E94427}.Debug|Any CPU.ActiveCfg = Debug|Any CPU
		{C03B2F94-E909-4486-AD2D-8D10E9E94427}.Debug|Any CPU.Build.0 = Debug|Any CPU
		{C03B2F94-E909-4486-AD2D-8D10E9E94427}.Release|Any CPU.ActiveCfg = Release|Any CPU
		{C03B2F94-E909-4486-AD2D-8D10E9E94427}.Release|Any CPU.Build.0 = Release|Any CPU
	EndGlobalSection
	GlobalSection(SolutionProperties) = preSolution
		HideSolutionNode = FALSE
	EndGlobalSection
	GlobalSection(ExtensibilityGlobals) = postSolution
		SolutionGuid = {043AFB8D-213B-4859-8D75-0EB18FAA3768}
	EndGlobalSection
EndGlobal
